// !$*UTF8*$!
{
	archiveVersion = 1;
	classes = {
	};
	objectVersion = 46;
	objects = {

/* Begin PBXBuildFile section */
		32F4ACE66F972DB423F5156D /* libPods-LifeOrder.a in Frameworks */ = {isa = PBXBuildFile; fileRef = 4BF5B54027196F6D9F86937E /* libPods-LifeOrder.a */; };
		75D7C80C19A4391E00ACF7BD /* Foundation.framework in Frameworks */ = {isa = PBXBuildFile; fileRef = 75D7C80B19A4391E00ACF7BD /* Foundation.framework */; };
		75D7C80E19A4391E00ACF7BD /* CoreGraphics.framework in Frameworks */ = {isa = PBXBuildFile; fileRef = 75D7C80D19A4391E00ACF7BD /* CoreGraphics.framework */; };
		75D7C81019A4391E00ACF7BD /* UIKit.framework in Frameworks */ = {isa = PBXBuildFile; fileRef = 75D7C80F19A4391E00ACF7BD /* UIKit.framework */; };
		75D7C81619A4391E00ACF7BD /* InfoPlist.strings in Resources */ = {isa = PBXBuildFile; fileRef = 75D7C81419A4391E00ACF7BD /* InfoPlist.strings */; };
		75D7C81819A4391E00ACF7BD /* main.m in Sources */ = {isa = PBXBuildFile; fileRef = 75D7C81719A4391E00ACF7BD /* main.m */; };
		75D7C81C19A4391E00ACF7BD /* AppDelegate.m in Sources */ = {isa = PBXBuildFile; fileRef = 75D7C81B19A4391E00ACF7BD /* AppDelegate.m */; };
		75D7C81F19A4391E00ACF7BD /* Main_iPhone.storyboard in Resources */ = {isa = PBXBuildFile; fileRef = 75D7C81D19A4391E00ACF7BD /* Main_iPhone.storyboard */; };
		75D7C82219A4391E00ACF7BD /* Main_iPad.storyboard in Resources */ = {isa = PBXBuildFile; fileRef = 75D7C82019A4391E00ACF7BD /* Main_iPad.storyboard */; };
		75D7C82519A4391E00ACF7BD /* ViewController.m in Sources */ = {isa = PBXBuildFile; fileRef = 75D7C82419A4391E00ACF7BD /* ViewController.m */; };
		75D7C82719A4391E00ACF7BD /* Images.xcassets in Resources */ = {isa = PBXBuildFile; fileRef = 75D7C82619A4391E00ACF7BD /* Images.xcassets */; };
		75D7C82E19A4391E00ACF7BD /* XCTest.framework in Frameworks */ = {isa = PBXBuildFile; fileRef = 75D7C82D19A4391E00ACF7BD /* XCTest.framework */; };
		75D7C82F19A4391E00ACF7BD /* Foundation.framework in Frameworks */ = {isa = PBXBuildFile; fileRef = 75D7C80B19A4391E00ACF7BD /* Foundation.framework */; };
		75D7C83019A4391E00ACF7BD /* UIKit.framework in Frameworks */ = {isa = PBXBuildFile; fileRef = 75D7C80F19A4391E00ACF7BD /* UIKit.framework */; };
		75D7C83819A4391E00ACF7BD /* InfoPlist.strings in Resources */ = {isa = PBXBuildFile; fileRef = 75D7C83619A4391E00ACF7BD /* InfoPlist.strings */; };
		75D7C83A19A4391E00ACF7BD /* LifeOrderTests.m in Sources */ = {isa = PBXBuildFile; fileRef = 75D7C83919A4391E00ACF7BD /* LifeOrderTests.m */; };
		75D7C84519A59E5E00ACF7BD /* ToDoTableViewController.m in Sources */ = {isa = PBXBuildFile; fileRef = 75D7C84419A59E5E00ACF7BD /* ToDoTableViewController.m */; };
		75E8E75519ECCBC2004E33B9 /* SubRipParser.m in Sources */ = {isa = PBXBuildFile; fileRef = 75E8E75419ECCBC2004E33B9 /* SubRipParser.m */; };
		75E8E75919EE214B004E33B9 /* Steve.srt in Resources */ = {isa = PBXBuildFile; fileRef = 75E8E75819EE214B004E33B9 /* Steve.srt */; };
		75EC45F419DBB02800DF702C /* MemoCollectionViewController.m in Sources */ = {isa = PBXBuildFile; fileRef = 75EC45F319DBB02800DF702C /* MemoCollectionViewController.m */; };
		75EC45F719E4E36400DF702C /* VideoTableViewController.m in Sources */ = {isa = PBXBuildFile; fileRef = 75EC45F619E4E36400DF702C /* VideoTableViewController.m */; };
		75EC45F919E789E900DF702C /* JavaScriptCore.framework in Frameworks */ = {isa = PBXBuildFile; fileRef = 75EC45F819E789E900DF702C /* JavaScriptCore.framework */; };
		F70C751A19A8831000EF3529 /* DataModel.xcdatamodeld in Sources */ = {isa = PBXBuildFile; fileRef = F70C751819A8831000EF3529 /* DataModel.xcdatamodeld */; };
		F70C752F19A8987800EF3529 /* CoreData.framework in Frameworks */ = {isa = PBXBuildFile; fileRef = F70C752E19A8987800EF3529 /* CoreData.framework */; };
		F70C753519A89D7900EF3529 /* DbCreator.m in Sources */ = {isa = PBXBuildFile; fileRef = F70C753419A89D7900EF3529 /* DbCreator.m */; };
		F70C753819A8FB6800EF3529 /* Memo.m in Sources */ = {isa = PBXBuildFile; fileRef = F70C753719A8FB6800EF3529 /* Memo.m */; };
		F70C753B19A8FB6900EF3529 /* ToDo.m in Sources */ = {isa = PBXBuildFile; fileRef = F70C753A19A8FB6900EF3529 /* ToDo.m */; };
		F70C753E19A8FB6900EF3529 /* Status.m in Sources */ = {isa = PBXBuildFile; fileRef = F70C753D19A8FB6900EF3529 /* Status.m */; };
		F70C754119AB71A200EF3529 /* CoreDataTableViewController.m in Sources */ = {isa = PBXBuildFile; fileRef = F70C754019AB71A200EF3529 /* CoreDataTableViewController.m */; };
		F7C92B2919A642950030C710 /* AddToDoTableViewController.m in Sources */ = {isa = PBXBuildFile; fileRef = F7C92B2819A642950030C710 /* AddToDoTableViewController.m */; };
/* End PBXBuildFile section */

/* Begin PBXContainerItemProxy section */
		75D7C83119A4391E00ACF7BD /* PBXContainerItemProxy */ = {
			isa = PBXContainerItemProxy;
			containerPortal = 75D7C80019A4391E00ACF7BD /* Project object */;
			proxyType = 1;
			remoteGlobalIDString = 75D7C80719A4391E00ACF7BD;
			remoteInfo = LifeOrder;
		};
/* End PBXContainerItemProxy section */

/* Begin PBXFileReference section */
		1EDA04C809654E1EDE400AF9 /* Pods-LifeOrder.release.xcconfig */ = {isa = PBXFileReference; includeInIndex = 1; lastKnownFileType = text.xcconfig; name = "Pods-LifeOrder.release.xcconfig"; path = "Pods/Target Support Files/Pods-LifeOrder/Pods-LifeOrder.release.xcconfig"; sourceTree = "<group>"; };
		4BF5B54027196F6D9F86937E /* libPods-LifeOrder.a */ = {isa = PBXFileReference; explicitFileType = archive.ar; includeInIndex = 0; path = "libPods-LifeOrder.a"; sourceTree = BUILT_PRODUCTS_DIR; };
		75D7C80819A4391E00ACF7BD /* LifeOrder.app */ = {isa = PBXFileReference; explicitFileType = wrapper.application; includeInIndex = 0; path = LifeOrder.app; sourceTree = BUILT_PRODUCTS_DIR; };
		75D7C80B19A4391E00ACF7BD /* Foundation.framework */ = {isa = PBXFileReference; lastKnownFileType = wrapper.framework; name = Foundation.framework; path = System/Library/Frameworks/Foundation.framework; sourceTree = SDKROOT; };
		75D7C80D19A4391E00ACF7BD /* CoreGraphics.framework */ = {isa = PBXFileReference; lastKnownFileType = wrapper.framework; name = CoreGraphics.framework; path = System/Library/Frameworks/CoreGraphics.framework; sourceTree = SDKROOT; };
		75D7C80F19A4391E00ACF7BD /* UIKit.framework */ = {isa = PBXFileReference; lastKnownFileType = wrapper.framework; name = UIKit.framework; path = System/Library/Frameworks/UIKit.framework; sourceTree = SDKROOT; };
		75D7C81319A4391E00ACF7BD /* LifeOrder-Info.plist */ = {isa = PBXFileReference; lastKnownFileType = text.plist.xml; path = "LifeOrder-Info.plist"; sourceTree = "<group>"; };
		75D7C81519A4391E00ACF7BD /* en */ = {isa = PBXFileReference; lastKnownFileType = text.plist.strings; name = en; path = en.lproj/InfoPlist.strings; sourceTree = "<group>"; };
		75D7C81719A4391E00ACF7BD /* main.m */ = {isa = PBXFileReference; lastKnownFileType = sourcecode.c.objc; path = main.m; sourceTree = "<group>"; };
		75D7C81919A4391E00ACF7BD /* LifeOrder-Prefix.pch */ = {isa = PBXFileReference; lastKnownFileType = sourcecode.c.h; path = "LifeOrder-Prefix.pch"; sourceTree = "<group>"; };
		75D7C81A19A4391E00ACF7BD /* AppDelegate.h */ = {isa = PBXFileReference; lastKnownFileType = sourcecode.c.h; path = AppDelegate.h; sourceTree = "<group>"; };
		75D7C81B19A4391E00ACF7BD /* AppDelegate.m */ = {isa = PBXFileReference; lastKnownFileType = sourcecode.c.objc; path = AppDelegate.m; sourceTree = "<group>"; };
		75D7C81E19A4391E00ACF7BD /* Base */ = {isa = PBXFileReference; lastKnownFileType = file.storyboard; name = Base; path = Base.lproj/Main_iPhone.storyboard; sourceTree = "<group>"; };
		75D7C82119A4391E00ACF7BD /* Base */ = {isa = PBXFileReference; lastKnownFileType = file.storyboard; name = Base; path = Base.lproj/Main_iPad.storyboard; sourceTree = "<group>"; };
		75D7C82319A4391E00ACF7BD /* ViewController.h */ = {isa = PBXFileReference; lastKnownFileType = sourcecode.c.h; path = ViewController.h; sourceTree = "<group>"; };
		75D7C82419A4391E00ACF7BD /* ViewController.m */ = {isa = PBXFileReference; lastKnownFileType = sourcecode.c.objc; path = ViewController.m; sourceTree = "<group>"; };
		75D7C82619A4391E00ACF7BD /* Images.xcassets */ = {isa = PBXFileReference; lastKnownFileType = folder.assetcatalog; path = Images.xcassets; sourceTree = "<group>"; };
		75D7C82C19A4391E00ACF7BD /* LifeOrderTests.xctest */ = {isa = PBXFileReference; explicitFileType = wrapper.cfbundle; includeInIndex = 0; path = LifeOrderTests.xctest; sourceTree = BUILT_PRODUCTS_DIR; };
		75D7C82D19A4391E00ACF7BD /* XCTest.framework */ = {isa = PBXFileReference; lastKnownFileType = wrapper.framework; name = XCTest.framework; path = Library/Frameworks/XCTest.framework; sourceTree = DEVELOPER_DIR; };
		75D7C83519A4391E00ACF7BD /* LifeOrderTests-Info.plist */ = {isa = PBXFileReference; lastKnownFileType = text.plist.xml; path = "LifeOrderTests-Info.plist"; sourceTree = "<group>"; };
		75D7C83719A4391E00ACF7BD /* en */ = {isa = PBXFileReference; lastKnownFileType = text.plist.strings; name = en; path = en.lproj/InfoPlist.strings; sourceTree = "<group>"; };
		75D7C83919A4391E00ACF7BD /* LifeOrderTests.m */ = {isa = PBXFileReference; lastKnownFileType = sourcecode.c.objc; path = LifeOrderTests.m; sourceTree = "<group>"; };
		75D7C84319A59E5E00ACF7BD /* ToDoTableViewController.h */ = {isa = PBXFileReference; fileEncoding = 4; lastKnownFileType = sourcecode.c.h; name = ToDoTableViewController.h; path = Controller/ToDoTableViewController.h; sourceTree = "<group>"; };
		75D7C84419A59E5E00ACF7BD /* ToDoTableViewController.m */ = {isa = PBXFileReference; fileEncoding = 4; lastKnownFileType = sourcecode.c.objc; name = ToDoTableViewController.m; path = Controller/ToDoTableViewController.m; sourceTree = "<group>"; };
		75E8E75319ECCBC2004E33B9 /* SubRipParser.h */ = {isa = PBXFileReference; fileEncoding = 4; lastKnownFileType = sourcecode.c.h; path = SubRipParser.h; sourceTree = "<group>"; };
		75E8E75419ECCBC2004E33B9 /* SubRipParser.m */ = {isa = PBXFileReference; fileEncoding = 4; lastKnownFileType = sourcecode.c.objc; path = SubRipParser.m; sourceTree = "<group>"; };
		75E8E75819EE214B004E33B9 /* Steve.srt */ = {isa = PBXFileReference; fileEncoding = 4; lastKnownFileType = text; name = Steve.srt; path = ../Steve.srt; sourceTree = "<group>"; };
		75EC45F219DBB02800DF702C /* MemoCollectionViewController.h */ = {isa = PBXFileReference; fileEncoding = 4; lastKnownFileType = sourcecode.c.h; name = MemoCollectionViewController.h; path = Controller/MemoCollectionViewController.h; sourceTree = "<group>"; };
		75EC45F319DBB02800DF702C /* MemoCollectionViewController.m */ = {isa = PBXFileReference; fileEncoding = 4; lastKnownFileType = sourcecode.c.objc; name = MemoCollectionViewController.m; path = Controller/MemoCollectionViewController.m; sourceTree = "<group>"; };
		75EC45F519E4E36400DF702C /* VideoTableViewController.h */ = {isa = PBXFileReference; fileEncoding = 4; lastKnownFileType = sourcecode.c.h; name = VideoTableViewController.h; path = Controller/VideoTableViewController.h; sourceTree = "<group>"; };
		75EC45F619E4E36400DF702C /* VideoTableViewController.m */ = {isa = PBXFileReference; fileEncoding = 4; lastKnownFileType = sourcecode.c.objc; name = VideoTableViewController.m; path = Controller/VideoTableViewController.m; sourceTree = "<group>"; };
		75EC45F819E789E900DF702C /* JavaScriptCore.framework */ = {isa = PBXFileReference; lastKnownFileType = wrapper.framework; name = JavaScriptCore.framework; path = System/Library/Frameworks/JavaScriptCore.framework; sourceTree = SDKROOT; };
		F70C751919A8831000EF3529 /* DataModel.xcdatamodel */ = {isa = PBXFileReference; lastKnownFileType = wrapper.xcdatamodel; path = DataModel.xcdatamodel; sourceTree = "<group>"; };
		F70C752E19A8987800EF3529 /* CoreData.framework */ = {isa = PBXFileReference; lastKnownFileType = wrapper.framework; name = CoreData.framework; path = System/Library/Frameworks/CoreData.framework; sourceTree = SDKROOT; };
		F70C753319A89D7900EF3529 /* DbCreator.h */ = {isa = PBXFileReference; fileEncoding = 4; lastKnownFileType = sourcecode.c.h; path = DbCreator.h; sourceTree = "<group>"; };
		F70C753419A89D7900EF3529 /* DbCreator.m */ = {isa = PBXFileReference; fileEncoding = 4; lastKnownFileType = sourcecode.c.objc; path = DbCreator.m; sourceTree = "<group>"; };
		F70C753619A8FB6800EF3529 /* Memo.h */ = {isa = PBXFileReference; fileEncoding = 4; lastKnownFileType = sourcecode.c.h; path = Memo.h; sourceTree = "<group>"; };
		F70C753719A8FB6800EF3529 /* Memo.m */ = {isa = PBXFileReference; fileEncoding = 4; lastKnownFileType = sourcecode.c.objc; path = Memo.m; sourceTree = "<group>"; };
		F70C753919A8FB6900EF3529 /* ToDo.h */ = {isa = PBXFileReference; fileEncoding = 4; lastKnownFileType = sourcecode.c.h; path = ToDo.h; sourceTree = "<group>"; };
		F70C753A19A8FB6900EF3529 /* ToDo.m */ = {isa = PBXFileReference; fileEncoding = 4; lastKnownFileType = sourcecode.c.objc; path = ToDo.m; sourceTree = "<group>"; };
		F70C753C19A8FB6900EF3529 /* Status.h */ = {isa = PBXFileReference; fileEncoding = 4; lastKnownFileType = sourcecode.c.h; path = Status.h; sourceTree = "<group>"; };
		F70C753D19A8FB6900EF3529 /* Status.m */ = {isa = PBXFileReference; fileEncoding = 4; lastKnownFileType = sourcecode.c.objc; path = Status.m; sourceTree = "<group>"; };
		F70C753F19AB71A200EF3529 /* CoreDataTableViewController.h */ = {isa = PBXFileReference; fileEncoding = 4; lastKnownFileType = sourcecode.c.h; path = CoreDataTableViewController.h; sourceTree = "<group>"; };
		F70C754019AB71A200EF3529 /* CoreDataTableViewController.m */ = {isa = PBXFileReference; fileEncoding = 4; lastKnownFileType = sourcecode.c.objc; path = CoreDataTableViewController.m; sourceTree = "<group>"; };
		F7C92B2719A642950030C710 /* AddToDoTableViewController.h */ = {isa = PBXFileReference; fileEncoding = 4; lastKnownFileType = sourcecode.c.h; path = AddToDoTableViewController.h; sourceTree = "<group>"; };
		F7C92B2819A642950030C710 /* AddToDoTableViewController.m */ = {isa = PBXFileReference; fileEncoding = 4; lastKnownFileType = sourcecode.c.objc; path = AddToDoTableViewController.m; sourceTree = "<group>"; };
		FC8E8A88E005390D323C6487 /* Pods-LifeOrder.debug.xcconfig */ = {isa = PBXFileReference; includeInIndex = 1; lastKnownFileType = text.xcconfig; name = "Pods-LifeOrder.debug.xcconfig"; path = "Pods/Target Support Files/Pods-LifeOrder/Pods-LifeOrder.debug.xcconfig"; sourceTree = "<group>"; };
/* End PBXFileReference section */

/* Begin PBXFrameworksBuildPhase section */
		75D7C80519A4391E00ACF7BD /* Frameworks */ = {
			isa = PBXFrameworksBuildPhase;
			buildActionMask = 2147483647;
			files = (
				75EC45F919E789E900DF702C /* JavaScriptCore.framework in Frameworks */,
				F70C752F19A8987800EF3529 /* CoreData.framework in Frameworks */,
				75D7C80E19A4391E00ACF7BD /* CoreGraphics.framework in Frameworks */,
				75D7C81019A4391E00ACF7BD /* UIKit.framework in Frameworks */,
				75D7C80C19A4391E00ACF7BD /* Foundation.framework in Frameworks */,
				32F4ACE66F972DB423F5156D /* libPods-LifeOrder.a in Frameworks */,
			);
			runOnlyForDeploymentPostprocessing = 0;
		};
		75D7C82919A4391E00ACF7BD /* Frameworks */ = {
			isa = PBXFrameworksBuildPhase;
			buildActionMask = 2147483647;
			files = (
				75D7C82E19A4391E00ACF7BD /* XCTest.framework in Frameworks */,
				75D7C83019A4391E00ACF7BD /* UIKit.framework in Frameworks */,
				75D7C82F19A4391E00ACF7BD /* Foundation.framework in Frameworks */,
			);
			runOnlyForDeploymentPostprocessing = 0;
		};
/* End PBXFrameworksBuildPhase section */

/* Begin PBXGroup section */
		7526DBA3A2EBFB30FCA3FDF7 /* Pods */ = {
			isa = PBXGroup;
			children = (
				FC8E8A88E005390D323C6487 /* Pods-LifeOrder.debug.xcconfig */,
				1EDA04C809654E1EDE400AF9 /* Pods-LifeOrder.release.xcconfig */,
			);
			name = Pods;
			sourceTree = "<group>";
		};
		75D7C7FF19A4391E00ACF7BD = {
			isa = PBXGroup;
			children = (
				75D7C81119A4391E00ACF7BD /* LifeOrder */,
				75D7C83319A4391E00ACF7BD /* LifeOrderTests */,
				75D7C80A19A4391E00ACF7BD /* Frameworks */,
				75D7C80919A4391E00ACF7BD /* Products */,
				7526DBA3A2EBFB30FCA3FDF7 /* Pods */,
			);
			sourceTree = "<group>";
		};
		75D7C80919A4391E00ACF7BD /* Products */ = {
			isa = PBXGroup;
			children = (
				75D7C80819A4391E00ACF7BD /* LifeOrder.app */,
				75D7C82C19A4391E00ACF7BD /* LifeOrderTests.xctest */,
			);
			name = Products;
			sourceTree = "<group>";
		};
		75D7C80A19A4391E00ACF7BD /* Frameworks */ = {
			isa = PBXGroup;
			children = (
				75EC45F819E789E900DF702C /* JavaScriptCore.framework */,
				F70C752E19A8987800EF3529 /* CoreData.framework */,
				75D7C80B19A4391E00ACF7BD /* Foundation.framework */,
				75D7C80D19A4391E00ACF7BD /* CoreGraphics.framework */,
				75D7C80F19A4391E00ACF7BD /* UIKit.framework */,
				75D7C82D19A4391E00ACF7BD /* XCTest.framework */,
				4BF5B54027196F6D9F86937E /* libPods-LifeOrder.a */,
			);
			name = Frameworks;
			sourceTree = "<group>";
		};
		75D7C81119A4391E00ACF7BD /* LifeOrder */ = {
			isa = PBXGroup;
			children = (
				75E8E75819EE214B004E33B9 /* Steve.srt */,
				75E8E75319ECCBC2004E33B9 /* SubRipParser.h */,
				75E8E75419ECCBC2004E33B9 /* SubRipParser.m */,
				F70C752419A88C1200EF3529 /* DataModel */,
				75D7C84619A59EFF00ACF7BD /* Controller */,
				75D7C81A19A4391E00ACF7BD /* AppDelegate.h */,
				75D7C81B19A4391E00ACF7BD /* AppDelegate.m */,
				F70C753319A89D7900EF3529 /* DbCreator.h */,
				F70C753419A89D7900EF3529 /* DbCreator.m */,
				75D7C81D19A4391E00ACF7BD /* Main_iPhone.storyboard */,
				75D7C82019A4391E00ACF7BD /* Main_iPad.storyboard */,
				75D7C82619A4391E00ACF7BD /* Images.xcassets */,
				75D7C81219A4391E00ACF7BD /* Supporting Files */,
			);
			path = LifeOrder;
			sourceTree = "<group>";
		};
		75D7C81219A4391E00ACF7BD /* Supporting Files */ = {
			isa = PBXGroup;
			children = (
				75D7C81319A4391E00ACF7BD /* LifeOrder-Info.plist */,
				75D7C81419A4391E00ACF7BD /* InfoPlist.strings */,
				75D7C81719A4391E00ACF7BD /* main.m */,
				75D7C81919A4391E00ACF7BD /* LifeOrder-Prefix.pch */,
			);
			name = "Supporting Files";
			sourceTree = "<group>";
		};
		75D7C83319A4391E00ACF7BD /* LifeOrderTests */ = {
			isa = PBXGroup;
			children = (
				75D7C83919A4391E00ACF7BD /* LifeOrderTests.m */,
				75D7C83419A4391E00ACF7BD /* Supporting Files */,
			);
			path = LifeOrderTests;
			sourceTree = "<group>";
		};
		75D7C83419A4391E00ACF7BD /* Supporting Files */ = {
			isa = PBXGroup;
			children = (
				75D7C83519A4391E00ACF7BD /* LifeOrderTests-Info.plist */,
				75D7C83619A4391E00ACF7BD /* InfoPlist.strings */,
			);
			name = "Supporting Files";
			sourceTree = "<group>";
		};
		75D7C84619A59EFF00ACF7BD /* Controller */ = {
			isa = PBXGroup;
			children = (
				75EC45F519E4E36400DF702C /* VideoTableViewController.h */,
				75EC45F619E4E36400DF702C /* VideoTableViewController.m */,
				F70C753F19AB71A200EF3529 /* CoreDataTableViewController.h */,
				F70C754019AB71A200EF3529 /* CoreDataTableViewController.m */,
				75D7C82319A4391E00ACF7BD /* ViewController.h */,
				75D7C82419A4391E00ACF7BD /* ViewController.m */,
				75D7C84319A59E5E00ACF7BD /* ToDoTableViewController.h */,
				75D7C84419A59E5E00ACF7BD /* ToDoTableViewController.m */,
				F7C92B2719A642950030C710 /* AddToDoTableViewController.h */,
				F7C92B2819A642950030C710 /* AddToDoTableViewController.m */,
				75EC45F219DBB02800DF702C /* MemoCollectionViewController.h */,
				75EC45F319DBB02800DF702C /* MemoCollectionViewController.m */,
			);
			name = Controller;
			sourceTree = "<group>";
		};
		F70C752419A88C1200EF3529 /* DataModel */ = {
			isa = PBXGroup;
			children = (
				F70C751819A8831000EF3529 /* DataModel.xcdatamodeld */,
				F70C753619A8FB6800EF3529 /* Memo.h */,
				F70C753719A8FB6800EF3529 /* Memo.m */,
				F70C753919A8FB6900EF3529 /* ToDo.h */,
				F70C753A19A8FB6900EF3529 /* ToDo.m */,
				F70C753C19A8FB6900EF3529 /* Status.h */,
				F70C753D19A8FB6900EF3529 /* Status.m */,
			);
			name = DataModel;
			sourceTree = "<group>";
		};
/* End PBXGroup section */

/* Begin PBXNativeTarget section */
		75D7C80719A4391E00ACF7BD /* LifeOrder */ = {
			isa = PBXNativeTarget;
			buildConfigurationList = 75D7C83D19A4391E00ACF7BD /* Build configuration list for PBXNativeTarget "LifeOrder" */;
			buildPhases = (
				F8B1D8BFE0AFC76288FCCCA0 /* Check Pods Manifest.lock */,
				75D7C80419A4391E00ACF7BD /* Sources */,
				75D7C80519A4391E00ACF7BD /* Frameworks */,
				75D7C80619A4391E00ACF7BD /* Resources */,
				374AE4821B90B0D5948093C6 /* Copy Pods Resources */,
			);
			buildRules = (
			);
			dependencies = (
			);
			name = LifeOrder;
			productName = LifeOrder;
			productReference = 75D7C80819A4391E00ACF7BD /* LifeOrder.app */;
			productType = "com.apple.product-type.application";
		};
		75D7C82B19A4391E00ACF7BD /* LifeOrderTests */ = {
			isa = PBXNativeTarget;
			buildConfigurationList = 75D7C84019A4391E00ACF7BD /* Build configuration list for PBXNativeTarget "LifeOrderTests" */;
			buildPhases = (
				75D7C82819A4391E00ACF7BD /* Sources */,
				75D7C82919A4391E00ACF7BD /* Frameworks */,
				75D7C82A19A4391E00ACF7BD /* Resources */,
			);
			buildRules = (
			);
			dependencies = (
				75D7C83219A4391E00ACF7BD /* PBXTargetDependency */,
			);
			name = LifeOrderTests;
			productName = LifeOrderTests;
			productReference = 75D7C82C19A4391E00ACF7BD /* LifeOrderTests.xctest */;
			productType = "com.apple.product-type.bundle.unit-test";
		};
/* End PBXNativeTarget section */

/* Begin PBXProject section */
		75D7C80019A4391E00ACF7BD /* Project object */ = {
			isa = PBXProject;
			attributes = {
				LastUpgradeCheck = 0510;
				ORGANIZATIONNAME = moya;
				TargetAttributes = {
					75D7C82B19A4391E00ACF7BD = {
						TestTargetID = 75D7C80719A4391E00ACF7BD;
					};
				};
			};
			buildConfigurationList = 75D7C80319A4391E00ACF7BD /* Build configuration list for PBXProject "LifeOrder" */;
			compatibilityVersion = "Xcode 3.2";
			developmentRegion = English;
			hasScannedForEncodings = 0;
			knownRegions = (
				en,
				Base,
			);
			mainGroup = 75D7C7FF19A4391E00ACF7BD;
			productRefGroup = 75D7C80919A4391E00ACF7BD /* Products */;
			projectDirPath = "";
			projectRoot = "";
			targets = (
				75D7C80719A4391E00ACF7BD /* LifeOrder */,
				75D7C82B19A4391E00ACF7BD /* LifeOrderTests */,
			);
		};
/* End PBXProject section */

/* Begin PBXResourcesBuildPhase section */
		75D7C80619A4391E00ACF7BD /* Resources */ = {
			isa = PBXResourcesBuildPhase;
			buildActionMask = 2147483647;
			files = (
				75D7C82219A4391E00ACF7BD /* Main_iPad.storyboard in Resources */,
				75E8E75919EE214B004E33B9 /* Steve.srt in Resources */,
				75D7C82719A4391E00ACF7BD /* Images.xcassets in Resources */,
				75D7C81F19A4391E00ACF7BD /* Main_iPhone.storyboard in Resources */,
				75D7C81619A4391E00ACF7BD /* InfoPlist.strings in Resources */,
			);
			runOnlyForDeploymentPostprocessing = 0;
		};
		75D7C82A19A4391E00ACF7BD /* Resources */ = {
			isa = PBXResourcesBuildPhase;
			buildActionMask = 2147483647;
			files = (
				75D7C83819A4391E00ACF7BD /* InfoPlist.strings in Resources */,
			);
			runOnlyForDeploymentPostprocessing = 0;
		};
/* End PBXResourcesBuildPhase section */

/* Begin PBXShellScriptBuildPhase section */
		374AE4821B90B0D5948093C6 /* Copy Pods Resources */ = {
			isa = PBXShellScriptBuildPhase;
			buildActionMask = 2147483647;
			files = (
			);
			inputPaths = (
			);
			name = "Copy Pods Resources";
			outputPaths = (
			);
			runOnlyForDeploymentPostprocessing = 0;
			shellPath = /bin/sh;
			shellScript = "\"${SRCROOT}/Pods/Target Support Files/Pods-LifeOrder/Pods-LifeOrder-resources.sh\"\n";
			showEnvVarsInLog = 0;
		};
		F8B1D8BFE0AFC76288FCCCA0 /* Check Pods Manifest.lock */ = {
			isa = PBXShellScriptBuildPhase;
			buildActionMask = 2147483647;
			files = (
			);
			inputPaths = (
			);
			name = "Check Pods Manifest.lock";
			outputPaths = (
			);
			runOnlyForDeploymentPostprocessing = 0;
			shellPath = /bin/sh;
			shellScript = "diff \"${PODS_ROOT}/../Podfile.lock\" \"${PODS_ROOT}/Manifest.lock\" > /dev/null\nif [[ $? != 0 ]] ; then\n    cat << EOM\nerror: The sandbox is not in sync with the Podfile.lock. Run 'pod install' or update your CocoaPods installation.\nEOM\n    exit 1\nfi\n";
			showEnvVarsInLog = 0;
		};
/* End PBXShellScriptBuildPhase section */

/* Begin PBXSourcesBuildPhase section */
		75D7C80419A4391E00ACF7BD /* Sources */ = {
			isa = PBXSourcesBuildPhase;
			buildActionMask = 2147483647;
			files = (
				F70C753519A89D7900EF3529 /* DbCreator.m in Sources */,
				75EC45F719E4E36400DF702C /* VideoTableViewController.m in Sources */,
				75D7C82519A4391E00ACF7BD /* ViewController.m in Sources */,
				75E8E75519ECCBC2004E33B9 /* SubRipParser.m in Sources */,
				75D7C84519A59E5E00ACF7BD /* ToDoTableViewController.m in Sources */,
				F70C751A19A8831000EF3529 /* DataModel.xcdatamodeld in Sources */,
				F70C753819A8FB6800EF3529 /* Memo.m in Sources */,
				F70C753E19A8FB6900EF3529 /* Status.m in Sources */,
				75EC45F419DBB02800DF702C /* MemoCollectionViewController.m in Sources */,
				F70C754119AB71A200EF3529 /* CoreDataTableViewController.m in Sources */,
				75D7C81C19A4391E00ACF7BD /* AppDelegate.m in Sources */,
				75D7C81819A4391E00ACF7BD /* main.m in Sources */,
				F7C92B2919A642950030C710 /* AddToDoTableViewController.m in Sources */,
				F70C753B19A8FB6900EF3529 /* ToDo.m in Sources */,
			);
			runOnlyForDeploymentPostprocessing = 0;
		};
		75D7C82819A4391E00ACF7BD /* Sources */ = {
			isa = PBXSourcesBuildPhase;
			buildActionMask = 2147483647;
			files = (
				75D7C83A19A4391E00ACF7BD /* LifeOrderTests.m in Sources */,
			);
			runOnlyForDeploymentPostprocessing = 0;
		};
/* End PBXSourcesBuildPhase section */

/* Begin PBXTargetDependency section */
		75D7C83219A4391E00ACF7BD /* PBXTargetDependency */ = {
			isa = PBXTargetDependency;
			target = 75D7C80719A4391E00ACF7BD /* LifeOrder */;
			targetProxy = 75D7C83119A4391E00ACF7BD /* PBXContainerItemProxy */;
		};
/* End PBXTargetDependency section */

/* Begin PBXVariantGroup section */
		75D7C81419A4391E00ACF7BD /* InfoPlist.strings */ = {
			isa = PBXVariantGroup;
			children = (
				75D7C81519A4391E00ACF7BD /* en */,
			);
			name = InfoPlist.strings;
			sourceTree = "<group>";
		};
		75D7C81D19A4391E00ACF7BD /* Main_iPhone.storyboard */ = {
			isa = PBXVariantGroup;
			children = (
				75D7C81E19A4391E00ACF7BD /* Base */,
			);
			name = Main_iPhone.storyboard;
			sourceTree = "<group>";
		};
		75D7C82019A4391E00ACF7BD /* Main_iPad.storyboard */ = {
			isa = PBXVariantGroup;
			children = (
				75D7C82119A4391E00ACF7BD /* Base */,
			);
			name = Main_iPad.storyboard;
			sourceTree = "<group>";
		};
		75D7C83619A4391E00ACF7BD /* InfoPlist.strings */ = {
			isa = PBXVariantGroup;
			children = (
				75D7C83719A4391E00ACF7BD /* en */,
			);
			name = InfoPlist.strings;
			sourceTree = "<group>";
		};
/* End PBXVariantGroup section */

/* Begin XCBuildConfiguration section */
		75D7C83B19A4391E00ACF7BD /* Debug */ = {
			isa = XCBuildConfiguration;
			buildSettings = {
				ALWAYS_SEARCH_USER_PATHS = NO;
				CLANG_CXX_LANGUAGE_STANDARD = "gnu++0x";
				CLANG_CXX_LIBRARY = "libc++";
				CLANG_ENABLE_MODULES = YES;
				CLANG_ENABLE_OBJC_ARC = YES;
				CLANG_WARN_BOOL_CONVERSION = YES;
				CLANG_WARN_CONSTANT_CONVERSION = YES;
				CLANG_WARN_DIRECT_OBJC_ISA_USAGE = YES_ERROR;
				CLANG_WARN_EMPTY_BODY = YES;
				CLANG_WARN_ENUM_CONVERSION = YES;
				CLANG_WARN_INT_CONVERSION = YES;
				CLANG_WARN_OBJC_ROOT_CLASS = YES_ERROR;
				CLANG_WARN__DUPLICATE_METHOD_MATCH = YES;
				"CODE_SIGN_IDENTITY[sdk=iphoneos*]" = "iPhone Developer";
				COPY_PHASE_STRIP = NO;
				GCC_C_LANGUAGE_STANDARD = gnu99;
				GCC_DYNAMIC_NO_PIC = NO;
				GCC_OPTIMIZATION_LEVEL = 0;
				GCC_PREPROCESSOR_DEFINITIONS = (
					"DEBUG=1",
					"$(inherited)",
				);
				GCC_SYMBOLS_PRIVATE_EXTERN = NO;
				GCC_WARN_64_TO_32_BIT_CONVERSION = YES;
				GCC_WARN_ABOUT_RETURN_TYPE = YES_ERROR;
				GCC_WARN_UNDECLARED_SELECTOR = YES;
				GCC_WARN_UNINITIALIZED_AUTOS = YES_AGGRESSIVE;
				GCC_WARN_UNUSED_FUNCTION = YES;
				GCC_WARN_UNUSED_VARIABLE = YES;
				IPHONEOS_DEPLOYMENT_TARGET = 7.1;
				ONLY_ACTIVE_ARCH = YES;
				SDKROOT = iphoneos;
				TARGETED_DEVICE_FAMILY = "1,2";
			};
			name = Debug;
		};
		75D7C83C19A4391E00ACF7BD /* Release */ = {
			isa = XCBuildConfiguration;
			buildSettings = {
				ALWAYS_SEARCH_USER_PATHS = NO;
				CLANG_CXX_LANGUAGE_STANDARD = "gnu++0x";
				CLANG_CXX_LIBRARY = "libc++";
				CLANG_ENABLE_MODULES = YES;
				CLANG_ENABLE_OBJC_ARC = YES;
				CLANG_WARN_BOOL_CONVERSION = YES;
				CLANG_WARN_CONSTANT_CONVERSION = YES;
				CLANG_WARN_DIRECT_OBJC_ISA_USAGE = YES_ERROR;
				CLANG_WARN_EMPTY_BODY = YES;
				CLANG_WARN_ENUM_CONVERSION = YES;
				CLANG_WARN_INT_CONVERSION = YES;
				CLANG_WARN_OBJC_ROOT_CLASS = YES_ERROR;
				CLANG_WARN__DUPLICATE_METHOD_MATCH = YES;
				"CODE_SIGN_IDENTITY[sdk=iphoneos*]" = "iPhone Developer";
				COPY_PHASE_STRIP = YES;
				ENABLE_NS_ASSERTIONS = NO;
				GCC_C_LANGUAGE_STANDARD = gnu99;
				GCC_WARN_64_TO_32_BIT_CONVERSION = YES;
				GCC_WARN_ABOUT_RETURN_TYPE = YES_ERROR;
				GCC_WARN_UNDECLARED_SELECTOR = YES;
				GCC_WARN_UNINITIALIZED_AUTOS = YES_AGGRESSIVE;
				GCC_WARN_UNUSED_FUNCTION = YES;
				GCC_WARN_UNUSED_VARIABLE = YES;
				IPHONEOS_DEPLOYMENT_TARGET = 7.1;
				SDKROOT = iphoneos;
				TARGETED_DEVICE_FAMILY = "1,2";
				VALIDATE_PRODUCT = YES;
			};
			name = Release;
		};
		75D7C83E19A4391E00ACF7BD /* Debug */ = {
			isa = XCBuildConfiguration;
			baseConfigurationReference = FC8E8A88E005390D323C6487 /* Pods-LifeOrder.debug.xcconfig */;
			buildSettings = {
				ASSETCATALOG_COMPILER_APPICON_NAME = AppIcon;
				ASSETCATALOG_COMPILER_LAUNCHIMAGE_NAME = LaunchImage;
				GCC_PRECOMPILE_PREFIX_HEADER = YES;
				GCC_PREFIX_HEADER = "LifeOrder/LifeOrder-Prefix.pch";
				INFOPLIST_FILE = "LifeOrder/LifeOrder-Info.plist";
				PRODUCT_NAME = "$(TARGET_NAME)";
				WRAPPER_EXTENSION = app;
			};
			name = Debug;
		};
		75D7C83F19A4391E00ACF7BD /* Release */ = {
			isa = XCBuildConfiguration;
			baseConfigurationReference = 1EDA04C809654E1EDE400AF9 /* Pods-LifeOrder.release.xcconfig */;
			buildSettings = {
				ASSETCATALOG_COMPILER_APPICON_NAME = AppIcon;
				ASSETCATALOG_COMPILER_LAUNCHIMAGE_NAME = LaunchImage;
				GCC_PRECOMPILE_PREFIX_HEADER = YES;
				GCC_PREFIX_HEADER = "LifeOrder/LifeOrder-Prefix.pch";
				INFOPLIST_FILE = "LifeOrder/LifeOrder-Info.plist";
				PRODUCT_NAME = "$(TARGET_NAME)";
				WRAPPER_EXTENSION = app;
			};
			name = Release;
		};
		75D7C84119A4391E00ACF7BD /* Debug */ = {
			isa = XCBuildConfiguration;
			buildSettings = {
				BUNDLE_LOADER = "$(BUILT_PRODUCTS_DIR)/LifeOrder.app/LifeOrder";
				FRAMEWORK_SEARCH_PATHS = (
					"$(SDKROOT)/Developer/Library/Frameworks",
					"$(inherited)",
					"$(DEVELOPER_FRAMEWORKS_DIR)",
				);
				GCC_PRECOMPILE_PREFIX_HEADER = YES;
				GCC_PREFIX_HEADER = "LifeOrder/LifeOrder-Prefix.pch";
				GCC_PREPROCESSOR_DEFINITIONS = (
					"DEBUG=1",
					"$(inherited)",
				);
				INFOPLIST_FILE = "LifeOrderTests/LifeOrderTests-Info.plist";
				PRODUCT_NAME = "$(TARGET_NAME)";
				TEST_HOST = "$(BUNDLE_LOADER)";
				WRAPPER_EXTENSION = xctest;
			};
			name = Debug;
		};
		75D7C84219A4391E00ACF7BD /* Release */ = {
			isa = XCBuildConfiguration;
			buildSettings = {
				BUNDLE_LOADER = "$(BUILT_PRODUCTS_DIR)/LifeOrder.app/LifeOrder";
				FRAMEWORK_SEARCH_PATHS = (
					"$(SDKROOT)/Developer/Library/Frameworks",
					"$(inherited)",
					"$(DEVELOPER_FRAMEWORKS_DIR)",
				);
				GCC_PRECOMPILE_PREFIX_HEADER = YES;
				GCC_PREFIX_HEADER = "LifeOrder/LifeOrder-Prefix.pch";
				INFOPLIST_FILE = "LifeOrderTests/LifeOrderTests-Info.plist";
				PRODUCT_NAME = "$(TARGET_NAME)";
				TEST_HOST = "$(BUNDLE_LOADER)";
				WRAPPER_EXTENSION = xctest;
			};
			name = Release;
		};
/* End XCBuildConfiguration section */

/* Begin XCConfigurationList section */
		75D7C80319A4391E00ACF7BD /* Build configuration list for PBXProject "LifeOrder" */ = {
			isa = XCConfigurationList;
			buildConfigurations = (
				75D7C83B19A4391E00ACF7BD /* Debug */,
				75D7C83C19A4391E00ACF7BD /* Release */,
			);
			defaultConfigurationIsVisible = 0;
			defaultConfigurationName = Release;
		};
		75D7C83D19A4391E00ACF7BD /* Build configuration list for PBXNativeTarget "LifeOrder" */ = {
			isa = XCConfigurationList;
			buildConfigurations = (
				75D7C83E19A4391E00ACF7BD /* Debug */,
				75D7C83F19A4391E00ACF7BD /* Release */,
			);
			defaultConfigurationIsVisible = 0;
			defaultConfigurationName = Release;
		};
		75D7C84019A4391E00ACF7BD /* Build configuration list for PBXNativeTarget "LifeOrderTests" */ = {
			isa = XCConfigurationList;
			buildConfigurations = (
				75D7C84119A4391E00ACF7BD /* Debug */,
				75D7C84219A4391E00ACF7BD /* Release */,
			);
			defaultConfigurationIsVisible = 0;
			defaultConfigurationName = Release;
		};
/* End XCConfigurationList section */

/* Begin XCVersionGroup section */
		F70C751819A8831000EF3529 /* DataModel.xcdatamodeld */ = {
			isa = XCVersionGroup;
			children = (
				F70C751919A8831000EF3529 /* DataModel.xcdatamodel */,
			);
			currentVersion = F70C751919A8831000EF3529 /* DataModel.xcdatamodel */;
			name = DataModel.xcdatamodeld;
			path = ../DataModel.xcdatamodeld;
			sourceTree = "<group>";
			versionGroupType = wrapper.xcdatamodel;
		};
/* End XCVersionGroup section */
	};
	rootObject = 75D7C80019A4391E00ACF7BD /* Project object */;
}
